
Microsoft Visual Studio Solution File, Format Version 12.00
# Visual Studio Version 16
VisualStudioVersion = 16.0.30717.126
MinimumVisualStudioVersion = 10.0.40219.1
Project("{8BC9CEB8-8B4A-11D0-8D11-00A0C91BC942}") = "ADS2_SykułaŁ_wyszukiwanie-wzorca", "ADS2_SykułaŁ_wyszukiwanie-wzorca.vcxproj", "{E2CBA692-4C79-4690-AEA2-B877C3476C85}"
EndProject
Global
	GlobalSection(SolutionConfigurationPlatforms) = preSolution
		Debug|x64 = Debug|x64
		Debug|x86 = Debug|x86
		Release|x64 = Release|x64
		Release|x86 = Release|x86
	EndGlobalSection
	GlobalSection(ProjectConfigurationPlatforms) = postSolution
		{E2CBA692-4C79-4690-AEA2-B877C3476C85}.Debug|x64.ActiveCfg = Debug|x64
		{E2CBA692-4C79-4690-AEA2-B877C3476C85}.Debug|x64.Build.0 = Debug|x64
		{E2CBA692-4C79-4690-AEA2-B877C3476C85}.Debug|x86.ActiveCfg = Debug|Win32
		{E2CBA692-4C79-4690-AEA2-B877C3476C85}.Debug|x86.Build.0 = Debug|Win32
		{E2CBA692-4C79-4690-AEA2-B877C3476C85}.Release|x64.ActiveCfg = Release|x64
		{E2CBA692-4C79-4690-AEA2-B877C3476C85}.Release|x64.Build.0 = Release|x64
		{E2CBA692-4C79-4690-AEA2-B877C3476C85}.Release|x86.ActiveCfg = Release|Win32
		{E2CBA692-4C79-4690-AEA2-B877C3476C85}.Release|x86.Build.0 = Release|Win32
	EndGlobalSection
	GlobalSection(SolutionProperties) = preSolution
		HideSolutionNode = FALSE
	EndGlobalSection
	GlobalSection(ExtensibilityGlobals) = postSolution
		SolutionGuid = {538E93FF-E07C-43A6-A456-A4E278059539}
	EndGlobalSection
EndGlobal
